
Microsoft Visual Studio Solution File, Format Version 12.00
# Visual Studio Version 17
VisualStudioVersion = 17.5.002.0
MinimumVisualStudioVersion = 10.0.40219.1
Project("{9A19103F-16F7-4668-BE54-9A1E7A4F7556}") = "RapportFinancier", "RapportFinancier.csproj", "{8981FEA5-AE40-4208-8789-8FC7D534183E}"
EndProject
Global
	GlobalSection(SolutionConfigurationPlatforms) = preSolution
		Debug|Any CPU = Debug|Any CPU
		Release|Any CPU = Release|Any CPU
	EndGlobalSection
	GlobalSection(ProjectConfigurationPlatforms) = postSolution
		{8981FEA5-AE40-4208-8789-8FC7D534183E}.Debug|Any CPU.ActiveCfg = Debug|Any CPU
		{8981FEA5-AE40-4208-8789-8FC7D534183E}.Debug|Any CPU.Build.0 = Debug|Any CPU
		{8981FEA5-AE40-4208-8789-8FC7D534183E}.Release|Any CPU.ActiveCfg = Release|Any CPU
		{8981FEA5-AE40-4208-8789-8FC7D534183E}.Release|Any CPU.Build.0 = Release|Any CPU
	EndGlobalSection
	GlobalSection(SolutionProperties) = preSolution
		HideSolutionNode = FALSE
	EndGlobalSection
	GlobalSection(ExtensibilityGlobals) = postSolution
		SolutionGuid = {03C6EABF-989F-4FAC-B2DC-FFE0DCD42A98}
	EndGlobalSection
EndGlobal
