
Microsoft Visual Studio Solution File, Format Version 12.00
# Visual Studio Version 17
VisualStudioVersion = 17.8.34330.188
MinimumVisualStudioVersion = 10.0.40219.1
Project("{FAE04EC0-301F-11D3-BF4B-00C04F79EFBC}") = "RapportFinancier", "RapportFinancier\RapportFinancier.csproj", "{09FC3639-82A4-42E9-8B69-054E2766CC25}"
EndProject
Global
	GlobalSection(SolutionConfigurationPlatforms) = preSolution
		Debug|Any CPU = Debug|Any CPU
		Release|Any CPU = Release|Any CPU
	EndGlobalSection
	GlobalSection(ProjectConfigurationPlatforms) = postSolution
		{09FC3639-82A4-42E9-8B69-054E2766CC25}.Debug|Any CPU.ActiveCfg = Debug|Any CPU
		{09FC3639-82A4-42E9-8B69-054E2766CC25}.Debug|Any CPU.Build.0 = Debug|Any CPU
		{09FC3639-82A4-42E9-8B69-054E2766CC25}.Release|Any CPU.ActiveCfg = Release|Any CPU
		{09FC3639-82A4-42E9-8B69-054E2766CC25}.Release|Any CPU.Build.0 = Release|Any CPU
	EndGlobalSection
	GlobalSection(SolutionProperties) = preSolution
		HideSolutionNode = FALSE
	EndGlobalSection
	GlobalSection(ExtensibilityGlobals) = postSolution
		SolutionGuid = {38242BBE-605F-4173-B163-DAB01081C22A}
	EndGlobalSection
EndGlobal
